{
  "version": 4,
  "terraform_version": "0.15.4",
  "serial": 3,
  "lineage": "c67851c1-b20c-ee2d-8aba-f9e936f9e399",
  "outputs": {
    "storage_bucket_name": {
      "value": "ibe-aws-example-product-base-account-ibe-root-default",
      "type": "string"
    }
  },
  "resources": [
    {
      "module": "module.storage_bucket",
      "mode": "data",
      "type": "aws_iam_policy_document",
      "name": "encrypted_bucket_policy_document",
      "provider": "provider[\"registry.terraform.io/hashicorp/aws\"]",
      "instances": [
        {
          "schema_version": 0,
          "attributes": {
            "id": "2975232141",
            "json": "{\n  \"Version\": \"2012-10-17\",\n  \"Statement\": [\n    {\n      \"Sid\": \"DenyUnEncryptedObjectUploads\",\n      \"Effect\": \"Deny\",\n      \"Action\": [\n        \"s3:PutObject\"\n      ],\n      \"Resource\": [\n        \"arn:aws:s3:::ibe-aws-example-product-base-account-ibe-root-default/*\"\n      ],\n      \"Principal\": \"*\",\n      \"Condition\": {\n        \"StringNotEquals\": {\n          \"s3:x-amz-server-side-encryption\": [\n            \"AES256\"\n          ]\n        }\n      }\n    },\n    {\n      \"Sid\": \"DenyUnEncryptedInflightOperations\",\n      \"Effect\": \"Deny\",\n      \"Action\": [\n        \"s3:*\"\n      ],\n      \"Resource\": [\n        \"arn:aws:s3:::ibe-aws-example-product-base-account-ibe-root-default/*\"\n      ],\n      \"Principal\": \"*\",\n      \"Condition\": {\n        \"Bool\": {\n          \"aws:SecureTransport\": [\n            \"false\"\n          ]\n        }\n      }\n    }\n  ]\n}",
            "override_json": "{\n  \"Version\": \"2012-10-17\",\n  \"Statement\": [\n    {\n  \"Sid\": \"DenyUnEncryptedObjectUploads\",\n  \"Effect\": \"Deny\",\n  \"Action\": [\"s3:PutObject\"],\n  \"Resource\": [\"arn:aws:s3:::ibe-aws-example-product-base-account-ibe-root-default/*\"],\n\n  \"Condition\": {\n    \"StringNotEquals\": {\n        \"s3:x-amz-server-side-encryption\": \"AES256\"\n    }\n  },\n\n  \"Principal\": \"*\"\n},\n    {\n  \"Sid\": \"DenyUnEncryptedInflightOperations\",\n  \"Effect\": \"Deny\",\n  \"Action\": [\"s3:*\"],\n  \"Resource\": [\"arn:aws:s3:::ibe-aws-example-product-base-account-ibe-root-default/*\"],\n\n  \"Condition\": {\n    \"Bool\": {\n        \"aws:SecureTransport\": \"false\"\n    }\n  },\n\n  \"Principal\": \"*\"\n}\n  ]\n}",
            "override_policy_documents": null,
            "policy_id": null,
            "source_json": null,
            "source_policy_documents": null,
            "statement": null,
            "version": "2012-10-17"
          },
          "sensitive_attributes": []
        }
      ]
    },
    {
      "module": "module.storage_bucket",
      "mode": "data",
      "type": "template_file",
      "name": "deny_unencrypted_inflight_operations_fragment",
      "provider": "provider[\"registry.terraform.io/hashicorp/template\"]",
      "instances": [
        {
          "schema_version": 0,
          "attributes": {
            "filename": null,
            "id": "e021df089b90844a0d7df94a1ea5eb5127373689eb0e30d3643223adf76a5099",
            "rendered": "{\n  \"Sid\": \"DenyUnEncryptedInflightOperations\",\n  \"Effect\": \"Deny\",\n  \"Action\": [\"s3:*\"],\n  \"Resource\": [\"arn:aws:s3:::ibe-aws-example-product-base-account-ibe-root-default/*\"],\n\n  \"Condition\": {\n    \"Bool\": {\n        \"aws:SecureTransport\": \"false\"\n    }\n  },\n\n  \"Principal\": \"*\"\n}",
            "template": "{\n  \"Sid\": \"DenyUnEncryptedInflightOperations\",\n  \"Effect\": \"Deny\",\n  \"Action\": [\"s3:*\"],\n  \"Resource\": [\"arn:aws:s3:::${bucket_name}/*\"],\n\n  \"Condition\": {\n    \"Bool\": {\n        \"aws:SecureTransport\": \"false\"\n    }\n  },\n\n  \"Principal\": \"*\"\n}",
            "vars": {
              "bucket_name": "ibe-aws-example-product-base-account-ibe-root-default"
            }
          },
          "sensitive_attributes": []
        }
      ]
    },
    {
      "module": "module.storage_bucket",
      "mode": "data",
      "type": "template_file",
      "name": "deny_unencrypted_object_uploads_fragment",
      "provider": "provider[\"registry.terraform.io/hashicorp/template\"]",
      "instances": [
        {
          "schema_version": 0,
          "attributes": {
            "filename": null,
            "id": "092e8c6496492d0d5abe4284c4edc4d74cc5734b2416a058d2c737b24f98bb17",
            "rendered": "{\n  \"Sid\": \"DenyUnEncryptedObjectUploads\",\n  \"Effect\": \"Deny\",\n  \"Action\": [\"s3:PutObject\"],\n  \"Resource\": [\"arn:aws:s3:::ibe-aws-example-product-base-account-ibe-root-default/*\"],\n\n  \"Condition\": {\n    \"StringNotEquals\": {\n        \"s3:x-amz-server-side-encryption\": \"AES256\"\n    }\n  },\n\n  \"Principal\": \"*\"\n}",
            "template": "{\n  \"Sid\": \"DenyUnEncryptedObjectUploads\",\n  \"Effect\": \"Deny\",\n  \"Action\": [\"s3:PutObject\"],\n  \"Resource\": [\"arn:aws:s3:::${bucket_name}/*\"],\n\n  \"Condition\": {\n    \"StringNotEquals\": {\n        \"s3:x-amz-server-side-encryption\": \"AES256\"\n    }\n  },\n\n  \"Principal\": \"*\"\n}",
            "vars": {
              "bucket_name": "ibe-aws-example-product-base-account-ibe-root-default"
            }
          },
          "sensitive_attributes": []
        }
      ]
    },
    {
      "module": "module.storage_bucket",
      "mode": "data",
      "type": "template_file",
      "name": "encrypted_bucket_policy",
      "provider": "provider[\"registry.terraform.io/hashicorp/template\"]",
      "instances": [
        {
          "schema_version": 0,
          "attributes": {
            "filename": null,
            "id": "086cf99e6ad2ef1894c20376f0f4bf42c81e99f13c5016ca310ef3d11b44c364",
            "rendered": "{\n  \"Version\": \"2012-10-17\",\n  \"Statement\": [\n    {\n  \"Sid\": \"DenyUnEncryptedObjectUploads\",\n  \"Effect\": \"Deny\",\n  \"Action\": [\"s3:PutObject\"],\n  \"Resource\": [\"arn:aws:s3:::ibe-aws-example-product-base-account-ibe-root-default/*\"],\n\n  \"Condition\": {\n    \"StringNotEquals\": {\n        \"s3:x-amz-server-side-encryption\": \"AES256\"\n    }\n  },\n\n  \"Principal\": \"*\"\n},\n    {\n  \"Sid\": \"DenyUnEncryptedInflightOperations\",\n  \"Effect\": \"Deny\",\n  \"Action\": [\"s3:*\"],\n  \"Resource\": [\"arn:aws:s3:::ibe-aws-example-product-base-account-ibe-root-default/*\"],\n\n  \"Condition\": {\n    \"Bool\": {\n        \"aws:SecureTransport\": \"false\"\n    }\n  },\n\n  \"Principal\": \"*\"\n}\n  ]\n}",
            "template": "{\n  \"Version\": \"2012-10-17\",\n  \"Statement\": [\n    ${deny_unencrypted_object_upload_fragment},\n    ${deny_unencrypted_inflight_operations_fragment}\n  ]\n}",
            "vars": {
              "bucket_name": "ibe-aws-example-product-base-account-ibe-root-default",
              "deny_unencrypted_inflight_operations_fragment": "{\n  \"Sid\": \"DenyUnEncryptedInflightOperations\",\n  \"Effect\": \"Deny\",\n  \"Action\": [\"s3:*\"],\n  \"Resource\": [\"arn:aws:s3:::ibe-aws-example-product-base-account-ibe-root-default/*\"],\n\n  \"Condition\": {\n    \"Bool\": {\n        \"aws:SecureTransport\": \"false\"\n    }\n  },\n\n  \"Principal\": \"*\"\n}",
              "deny_unencrypted_object_upload_fragment": "{\n  \"Sid\": \"DenyUnEncryptedObjectUploads\",\n  \"Effect\": \"Deny\",\n  \"Action\": [\"s3:PutObject\"],\n  \"Resource\": [\"arn:aws:s3:::ibe-aws-example-product-base-account-ibe-root-default/*\"],\n\n  \"Condition\": {\n    \"StringNotEquals\": {\n        \"s3:x-amz-server-side-encryption\": \"AES256\"\n    }\n  },\n\n  \"Principal\": \"*\"\n}"
            }
          },
          "sensitive_attributes": []
        }
      ]
    },
    {
      "module": "module.storage_bucket",
      "mode": "managed",
      "type": "aws_s3_bucket",
      "name": "encrypted_bucket",
      "provider": "provider[\"registry.terraform.io/hashicorp/aws\"]",
      "instances": [
        {
          "schema_version": 0,
          "attributes": {
            "acceleration_status": "",
            "acl": "private",
            "arn": "arn:aws:s3:::ibe-aws-example-product-base-account-ibe-root-default",
            "bucket": "ibe-aws-example-product-base-account-ibe-root-default",
            "bucket_domain_name": "ibe-aws-example-product-base-account-ibe-root-default.s3.amazonaws.com",
            "bucket_prefix": null,
            "bucket_regional_domain_name": "ibe-aws-example-product-base-account-ibe-root-default.s3.eu-west-2.amazonaws.com",
            "cors_rule": [],
            "force_destroy": false,
            "grant": [],
            "hosted_zone_id": "Z3GKZC51ZF0DB4",
            "id": "ibe-aws-example-product-base-account-ibe-root-default",
            "lifecycle_rule": [],
            "logging": [],
            "object_lock_configuration": [],
            "policy": null,
            "region": "eu-west-2",
            "replication_configuration": [],
            "request_payer": "BucketOwner",
            "server_side_encryption_configuration": [],
            "tags": {
              "DeploymentGroup": "ibe",
              "DeploymentIdentifier": "ibe-root-default",
              "DeploymentLabel": "default",
              "DeploymentType": "root",
              "Name": "ibe-aws-example-product-base-account-ibe-root-default"
            },
            "tags_all": {
              "DeploymentGroup": "ibe",
              "DeploymentIdentifier": "ibe-root-default",
              "DeploymentLabel": "default",
              "DeploymentType": "root",
              "Name": "ibe-aws-example-product-base-account-ibe-root-default"
            },
            "versioning": [
              {
                "enabled": true,
                "mfa_delete": false
              }
            ],
            "website": [],
            "website_domain": null,
            "website_endpoint": null
          },
          "sensitive_attributes": [],
          "private": "bnVsbA=="
        }
      ]
    },
    {
      "module": "module.storage_bucket",
      "mode": "managed",
      "type": "aws_s3_bucket_policy",
      "name": "encrypted_bucket",
      "provider": "provider[\"registry.terraform.io/hashicorp/aws\"]",
      "instances": [
        {
          "schema_version": 0,
          "attributes": {
            "bucket": "ibe-aws-example-product-base-account-ibe-root-default",
            "id": "ibe-aws-example-product-base-account-ibe-root-default",
            "policy": "{\n  \"Version\": \"2012-10-17\",\n  \"Statement\": [\n    {\n      \"Sid\": \"DenyUnEncryptedObjectUploads\",\n      \"Effect\": \"Deny\",\n      \"Action\": [\n        \"s3:PutObject\"\n      ],\n      \"Resource\": [\n        \"arn:aws:s3:::ibe-aws-example-product-base-account-ibe-root-default/*\"\n      ],\n      \"Principal\": \"*\",\n      \"Condition\": {\n        \"StringNotEquals\": {\n          \"s3:x-amz-server-side-encryption\": [\n            \"AES256\"\n          ]\n        }\n      }\n    },\n    {\n      \"Sid\": \"DenyUnEncryptedInflightOperations\",\n      \"Effect\": \"Deny\",\n      \"Action\": [\n        \"s3:*\"\n      ],\n      \"Resource\": [\n        \"arn:aws:s3:::ibe-aws-example-product-base-account-ibe-root-default/*\"\n      ],\n      \"Principal\": \"*\",\n      \"Condition\": {\n        \"Bool\": {\n          \"aws:SecureTransport\": [\n            \"false\"\n          ]\n        }\n      }\n    }\n  ]\n}"
          },
          "sensitive_attributes": [],
          "private": "bnVsbA==",
          "dependencies": [
            "module.storage_bucket.aws_s3_bucket.encrypted_bucket",
            "module.storage_bucket.data.aws_iam_policy_document.encrypted_bucket_policy_document"
          ]
        }
      ]
    }
  ]
}
